
Microsoft Visual Studio Solution File, Format Version 12.00
# Visual Studio Version 17
VisualStudioVersion = 17.5.33516.290
MinimumVisualStudioVersion = 10.0.40219.1
Project("{FAE04EC0-301F-11D3-BF4B-00C04F79EFBC}") = "highdpi_bug", "highdpi_bug.csproj", "{2BF02B2A-2385-419C-926B-725BA3E5CF22}"
EndProject
Global
	GlobalSection(SolutionConfigurationPlatforms) = preSolution
		Debug|Any CPU = Debug|Any CPU
		Release|Any CPU = Release|Any CPU
	EndGlobalSection
	GlobalSection(ProjectConfigurationPlatforms) = postSolution
		{2BF02B2A-2385-419C-926B-725BA3E5CF22}.Debug|Any CPU.ActiveCfg = Debug|Any CPU
		{2BF02B2A-2385-419C-926B-725BA3E5CF22}.Debug|Any CPU.Build.0 = Debug|Any CPU
		{2BF02B2A-2385-419C-926B-725BA3E5CF22}.Release|Any CPU.ActiveCfg = Release|Any CPU
		{2BF02B2A-2385-419C-926B-725BA3E5CF22}.Release|Any CPU.Build.0 = Release|Any CPU
	EndGlobalSection
	GlobalSection(SolutionProperties) = preSolution
		HideSolutionNode = FALSE
	EndGlobalSection
	GlobalSection(ExtensibilityGlobals) = postSolution
		SolutionGuid = {C73DC827-9D34-488E-A1DE-6FFE4275F374}
	EndGlobalSection
EndGlobal
